
Microsoft Visual Studio Solution File, Format Version 12.00
# Visual Studio Version 17
VisualStudioVersion = 17.5.002.0
MinimumVisualStudioVersion = 10.0.40219.1
Project("{9A19103F-16F7-4668-BE54-9A1E7A4F7556}") = "Chirp.Razor", "Chirp.Razor.csproj", "{1B20842C-720B-4933-BCB6-0BD7DBDB6659}"
EndProject
Global
	GlobalSection(SolutionConfigurationPlatforms) = preSolution
		Debug|Any CPU = Debug|Any CPU
		Release|Any CPU = Release|Any CPU
	EndGlobalSection
	GlobalSection(ProjectConfigurationPlatforms) = postSolution
		{1B20842C-720B-4933-BCB6-0BD7DBDB6659}.Debug|Any CPU.ActiveCfg = Debug|Any CPU
		{1B20842C-720B-4933-BCB6-0BD7DBDB6659}.Debug|Any CPU.Build.0 = Debug|Any CPU
		{1B20842C-720B-4933-BCB6-0BD7DBDB6659}.Release|Any CPU.ActiveCfg = Release|Any CPU
		{1B20842C-720B-4933-BCB6-0BD7DBDB6659}.Release|Any CPU.Build.0 = Release|Any CPU
	EndGlobalSection
	GlobalSection(SolutionProperties) = preSolution
		HideSolutionNode = FALSE
	EndGlobalSection
	GlobalSection(ExtensibilityGlobals) = postSolution
		SolutionGuid = {810DF407-FE4F-452D-95AF-49C9C7F94781}
	EndGlobalSection
EndGlobal
