
Microsoft Visual Studio Solution File, Format Version 12.00
# Visual Studio Version 17
VisualStudioVersion = 17.5.002.0
MinimumVisualStudioVersion = 10.0.40219.1
Project("{9A19103F-16F7-4668-BE54-9A1E7A4F7556}") = "Chirp.Web", "Chirp.Web\Chirp.Web.csproj", "{17F17D49-2285-4DED-826D-A99382183D9D}"
EndProject
Project("{9A19103F-16F7-4668-BE54-9A1E7A4F7556}") = "Chirp.Infrastructure", "Chirp.Infrastructure\Chirp.Infrastructure.csproj", "{40C80857-1AD5-43F1-B80E-19515BAEB68A}"
EndProject
Project("{9A19103F-16F7-4668-BE54-9A1E7A4F7556}") = "Chirp.Core", "Chirp.Core\Chirp.Core.csproj", "{A5FB47F5-2A0C-41FB-8A53-9647454BDD1B}"
EndProject
Global
	GlobalSection(SolutionConfigurationPlatforms) = preSolution
		Debug|Any CPU = Debug|Any CPU
		Release|Any CPU = Release|Any CPU
	EndGlobalSection
	GlobalSection(ProjectConfigurationPlatforms) = postSolution
		{17F17D49-2285-4DED-826D-A99382183D9D}.Debug|Any CPU.ActiveCfg = Debug|Any CPU
		{17F17D49-2285-4DED-826D-A99382183D9D}.Debug|Any CPU.Build.0 = Debug|Any CPU
		{17F17D49-2285-4DED-826D-A99382183D9D}.Release|Any CPU.ActiveCfg = Release|Any CPU
		{17F17D49-2285-4DED-826D-A99382183D9D}.Release|Any CPU.Build.0 = Release|Any CPU
		{40C80857-1AD5-43F1-B80E-19515BAEB68A}.Debug|Any CPU.ActiveCfg = Debug|Any CPU
		{40C80857-1AD5-43F1-B80E-19515BAEB68A}.Debug|Any CPU.Build.0 = Debug|Any CPU
		{40C80857-1AD5-43F1-B80E-19515BAEB68A}.Release|Any CPU.ActiveCfg = Release|Any CPU
		{40C80857-1AD5-43F1-B80E-19515BAEB68A}.Release|Any CPU.Build.0 = Release|Any CPU
		{A5FB47F5-2A0C-41FB-8A53-9647454BDD1B}.Debug|Any CPU.ActiveCfg = Debug|Any CPU
		{A5FB47F5-2A0C-41FB-8A53-9647454BDD1B}.Debug|Any CPU.Build.0 = Debug|Any CPU
		{A5FB47F5-2A0C-41FB-8A53-9647454BDD1B}.Release|Any CPU.ActiveCfg = Release|Any CPU
		{A5FB47F5-2A0C-41FB-8A53-9647454BDD1B}.Release|Any CPU.Build.0 = Release|Any CPU
	EndGlobalSection
	GlobalSection(SolutionProperties) = preSolution
		HideSolutionNode = FALSE
	EndGlobalSection
	GlobalSection(ExtensibilityGlobals) = postSolution
		SolutionGuid = {D27D7386-0CEA-4594-B0E3-D43EB7E40844}
	EndGlobalSection
EndGlobal
